// !$*UTF8*$!
{
	archiveVersion = 1;
	classes = {
	};
	objectVersion = 46;
	objects = {

/* Begin PBXBuildFile section */
		4BB7494F196DD96B007B2CF3 /* AppDelegate.swift in Sources */ = {isa = PBXBuildFile; fileRef = 4BB7494E196DD96B007B2CF3 /* AppDelegate.swift */; };
		4BB74951196DD96B007B2CF3 /* ViewController.swift in Sources */ = {isa = PBXBuildFile; fileRef = 4BB74950196DD96B007B2CF3 /* ViewController.swift */; };
		4BB74954196DD96B007B2CF3 /* Main.storyboard in Resources */ = {isa = PBXBuildFile; fileRef = 4BB74952196DD96B007B2CF3 /* Main.storyboard */; };
		4BB74956196DD96B007B2CF3 /* Images.xcassets in Resources */ = {isa = PBXBuildFile; fileRef = 4BB74955196DD96B007B2CF3 /* Images.xcassets */; };
		4BB74962196DD96C007B2CF3 /* MailAppTests.swift in Sources */ = {isa = PBXBuildFile; fileRef = 4BB74961196DD96C007B2CF3 /* MailAppTests.swift */; };
/* End PBXBuildFile section */

/* Begin PBXContainerItemProxy section */
		4BB7495C196DD96B007B2CF3 /* PBXContainerItemProxy */ = {
			isa = PBXContainerItemProxy;
			containerPortal = 4BB74941196DD96B007B2CF3 /* Project object */;
			proxyType = 1;
			remoteGlobalIDString = 4BB74948196DD96B007B2CF3;
			remoteInfo = MailApp;
		};
/* End PBXContainerItemProxy section */

/* Begin PBXFileReference section */
		4BB74949196DD96B007B2CF3 /* MailApp.app */ = {isa = PBXFileReference; explicitFileType = wrapper.application; includeInIndex = 0; path = MailApp.app; sourceTree = BUILT_PRODUCTS_DIR; };
		4BB7494D196DD96B007B2CF3 /* Info.plist */ = {isa = PBXFileReference; lastKnownFileType = text.plist.xml; path = Info.plist; sourceTree = "<group>"; };
		4BB7494E196DD96B007B2CF3 /* AppDelegate.swift */ = {isa = PBXFileReference; lastKnownFileType = sourcecode.swift; path = AppDelegate.swift; sourceTree = "<group>"; };
		4BB74950196DD96B007B2CF3 /* ViewController.swift */ = {isa = PBXFileReference; lastKnownFileType = sourcecode.swift; path = ViewController.swift; sourceTree = "<group>"; };
		4BB74953196DD96B007B2CF3 /* Base */ = {isa = PBXFileReference; lastKnownFileType = file.storyboard; name = Base; path = Base.lproj/Main.storyboard; sourceTree = "<group>"; };
		4BB74955196DD96B007B2CF3 /* Images.xcassets */ = {isa = PBXFileReference; lastKnownFileType = folder.assetcatalog; path = Images.xcassets; sourceTree = "<group>"; };
		4BB7495B196DD96B007B2CF3 /* MailAppTests.xctest */ = {isa = PBXFileReference; explicitFileType = wrapper.cfbundle; includeInIndex = 0; path = MailAppTests.xctest; sourceTree = BUILT_PRODUCTS_DIR; };
		4BB74960196DD96C007B2CF3 /* Info.plist */ = {isa = PBXFileReference; lastKnownFileType = text.plist.xml; path = Info.plist; sourceTree = "<group>"; };
		4BB74961196DD96C007B2CF3 /* MailAppTests.swift */ = {isa = PBXFileReference; lastKnownFileType = sourcecode.swift; path = MailAppTests.swift; sourceTree = "<group>"; };
/* End PBXFileReference section */

/* Begin PBXFrameworksBuildPhase section */
		4BB74946196DD96B007B2CF3 /* Frameworks */ = {
			isa = PBXFrameworksBuildPhase;
			buildActionMask = 2147483647;
			files = (
			);
			runOnlyForDeploymentPostprocessing = 0;
		};
		4BB74958196DD96B007B2CF3 /* Frameworks */ = {
			isa = PBXFrameworksBuildPhase;
			buildActionMask = 2147483647;
			files = (
			);
			runOnlyForDeploymentPostprocessing = 0;
		};
/* End PBXFrameworksBuildPhase section */

/* Begin PBXGroup section */
		4BB74940196DD96B007B2CF3 = {
			isa = PBXGroup;
			children = (
				4BB7494B196DD96B007B2CF3 /* MailApp */,
				4BB7495E196DD96B007B2CF3 /* MailAppTests */,
				4BB7494A196DD96B007B2CF3 /* Products */,
			);
			sourceTree = "<group>";
		};
		4BB7494A196DD96B007B2CF3 /* Products */ = {
			isa = PBXGroup;
			children = (
				4BB74949196DD96B007B2CF3 /* MailApp.app */,
				4BB7495B196DD96B007B2CF3 /* MailAppTests.xctest */,
			);
			name = Products;
			sourceTree = "<group>";
		};
		4BB7494B196DD96B007B2CF3 /* MailApp */ = {
			isa = PBXGroup;
			children = (
				4BB7494E196DD96B007B2CF3 /* AppDelegate.swift */,
				4BB74950196DD96B007B2CF3 /* ViewController.swift */,
				4BB74952196DD96B007B2CF3 /* Main.storyboard */,
				4BB74955196DD96B007B2CF3 /* Images.xcassets */,
				4BB7494C196DD96B007B2CF3 /* Supporting Files */,
			);
			path = MailApp;
			sourceTree = "<group>";
		};
		4BB7494C196DD96B007B2CF3 /* Supporting Files */ = {
			isa = PBXGroup;
			children = (
				4BB7494D196DD96B007B2CF3 /* Info.plist */,
			);
			name = "Supporting Files";
			sourceTree = "<group>";
		};
		4BB7495E196DD96B007B2CF3 /* MailAppTests */ = {
			isa = PBXGroup;
			children = (
				4BB74961196DD96C007B2CF3 /* MailAppTests.swift */,
				4BB7495F196DD96C007B2CF3 /* Supporting Files */,
			);
			path = MailAppTests;
			sourceTree = "<group>";
		};
		4BB7495F196DD96C007B2CF3 /* Supporting Files */ = {
			isa = PBXGroup;
			children = (
				4BB74960196DD96C007B2CF3 /* Info.plist */,
			);
			name = "Supporting Files";
			sourceTree = "<group>";
		};
/* End PBXGroup section */

/* Begin PBXNativeTarget section */
		4BB74948196DD96B007B2CF3 /* MailApp */ = {
			isa = PBXNativeTarget;
			buildConfigurationList = 4BB74965196DD96C007B2CF3 /* Build configuration list for PBXNativeTarget "MailApp" */;
			buildPhases = (
				4BB74945196DD96B007B2CF3 /* Sources */,
				4BB74946196DD96B007B2CF3 /* Frameworks */,
				4BB74947196DD96B007B2CF3 /* Resources */,
			);
			buildRules = (
			);
			dependencies = (
			);
			name = MailApp;
			productName = MailApp;
			productReference = 4BB74949196DD96B007B2CF3 /* MailApp.app */;
			productType = "com.apple.product-type.application";
		};
		4BB7495A196DD96B007B2CF3 /* MailAppTests */ = {
			isa = PBXNativeTarget;
			buildConfigurationList = 4BB74968196DD96C007B2CF3 /* Build configuration list for PBXNativeTarget "MailAppTests" */;
			buildPhases = (
				4BB74957196DD96B007B2CF3 /* Sources */,
				4BB74958196DD96B007B2CF3 /* Frameworks */,
				4BB74959196DD96B007B2CF3 /* Resources */,
			);
			buildRules = (
			);
			dependencies = (
				4BB7495D196DD96B007B2CF3 /* PBXTargetDependency */,
			);
			name = MailAppTests;
			productName = MailAppTests;
			productReference = 4BB7495B196DD96B007B2CF3 /* MailAppTests.xctest */;
			productType = "com.apple.product-type.bundle.unit-test";
		};
/* End PBXNativeTarget section */

/* Begin PBXProject section */
		4BB74941196DD96B007B2CF3 /* Project object */ = {
			isa = PBXProject;
			attributes = {
				LastUpgradeCheck = 0600;
				ORGANIZATIONNAME = "Petr Pavlik";
				TargetAttributes = {
					4BB74948196DD96B007B2CF3 = {
						CreatedOnToolsVersion = 6.0;
					};
					4BB7495A196DD96B007B2CF3 = {
						CreatedOnToolsVersion = 6.0;
						TestTargetID = 4BB74948196DD96B007B2CF3;
					};
				};
			};
			buildConfigurationList = 4BB74944196DD96B007B2CF3 /* Build configuration list for PBXProject "MailApp" */;
			compatibilityVersion = "Xcode 3.2";
			developmentRegion = English;
			hasScannedForEncodings = 0;
			knownRegions = (
				en,
				Base,
			);
			mainGroup = 4BB74940196DD96B007B2CF3;
			productRefGroup = 4BB7494A196DD96B007B2CF3 /* Products */;
			projectDirPath = "";
			projectRoot = "";
			targets = (
				4BB74948196DD96B007B2CF3 /* MailApp */,
				4BB7495A196DD96B007B2CF3 /* MailAppTests */,
			);
		};
/* End PBXProject section */

/* Begin PBXResourcesBuildPhase section */
		4BB74947196DD96B007B2CF3 /* Resources */ = {
			isa = PBXResourcesBuildPhase;
			buildActionMask = 2147483647;
			files = (
				4BB74954196DD96B007B2CF3 /* Main.storyboard in Resources */,
				4BB74956196DD96B007B2CF3 /* Images.xcassets in Resources */,
			);
			runOnlyForDeploymentPostprocessing = 0;
		};
		4BB74959196DD96B007B2CF3 /* Resources */ = {
			isa = PBXResourcesBuildPhase;
			buildActionMask = 2147483647;
			files = (
			);
			runOnlyForDeploymentPostprocessing = 0;
		};
/* End PBXResourcesBuildPhase section */

/* Begin PBXSourcesBuildPhase section */
		4BB74945196DD96B007B2CF3 /* Sources */ = {
			isa = PBXSourcesBuildPhase;
			buildActionMask = 2147483647;
			files = (
				4BB74951196DD96B007B2CF3 /* ViewController.swift in Sources */,
				4BB7494F196DD96B007B2CF3 /* AppDelegate.swift in Sources */,
			);
			runOnlyForDeploymentPostprocessing = 0;
		};
		4BB74957196DD96B007B2CF3 /* Sources */ = {
			isa = PBXSourcesBuildPhase;
			buildActionMask = 2147483647;
			files = (
				4BB74962196DD96C007B2CF3 /* MailAppTests.swift in Sources */,
			);
			runOnlyForDeploymentPostprocessing = 0;
		};
/* End PBXSourcesBuildPhase section */

/* Begin PBXTargetDependency section */
		4BB7495D196DD96B007B2CF3 /* PBXTargetDependency */ = {
			isa = PBXTargetDependency;
			target = 4BB74948196DD96B007B2CF3 /* MailApp */;
			targetProxy = 4BB7495C196DD96B007B2CF3 /* PBXContainerItemProxy */;
		};
/* End PBXTargetDependency section */

/* Begin PBXVariantGroup section */
		4BB74952196DD96B007B2CF3 /* Main.storyboard */ = {
			isa = PBXVariantGroup;
			children = (
				4BB74953196DD96B007B2CF3 /* Base */,
			);
			name = Main.storyboard;
			sourceTree = "<group>";
		};
/* End PBXVariantGroup section */

/* Begin XCBuildConfiguration section */
		4BB74963196DD96C007B2CF3 /* Debug */ = {
			isa = XCBuildConfiguration;
			buildSettings = {
				ALWAYS_SEARCH_USER_PATHS = NO;
				CLANG_CXX_LANGUAGE_STANDARD = "gnu++0x";
				CLANG_CXX_LIBRARY = "libc++";
				CLANG_ENABLE_MODULES = YES;
				CLANG_ENABLE_OBJC_ARC = YES;
				CLANG_WARN_BOOL_CONVERSION = YES;
				CLANG_WARN_CONSTANT_CONVERSION = YES;
				CLANG_WARN_DIRECT_OBJC_ISA_USAGE = YES_ERROR;
				CLANG_WARN_EMPTY_BODY = YES;
				CLANG_WARN_ENUM_CONVERSION = YES;
				CLANG_WARN_INT_CONVERSION = YES;
				CLANG_WARN_OBJC_ROOT_CLASS = YES_ERROR;
				CLANG_WARN_UNREACHABLE_CODE = YES;
				CLANG_WARN__DUPLICATE_METHOD_MATCH = YES;
				"CODE_SIGN_IDENTITY[sdk=iphoneos*]" = "iPhone Developer";
				COPY_PHASE_STRIP = NO;
				ENABLE_STRICT_OBJC_MSGSEND = YES;
				GCC_C_LANGUAGE_STANDARD = gnu99;
				GCC_DYNAMIC_NO_PIC = NO;
				GCC_OPTIMIZATION_LEVEL = 0;
				GCC_PREPROCESSOR_DEFINITIONS = (
					"DEBUG=1",
					"$(inherited)",
				);
				GCC_SYMBOLS_PRIVATE_EXTERN = NO;
				GCC_WARN_64_TO_32_BIT_CONVERSION = YES;
				GCC_WARN_ABOUT_RETURN_TYPE = YES_ERROR;
				GCC_WARN_UNDECLARED_SELECTOR = YES;
				GCC_WARN_UNINITIALIZED_AUTOS = YES_AGGRESSIVE;
				GCC_WARN_UNUSED_FUNCTION = YES;
				GCC_WARN_UNUSED_VARIABLE = YES;
				IPHONEOS_DEPLOYMENT_TARGET = 8.0;
				MTL_ENABLE_DEBUG_INFO = YES;
				ONLY_ACTIVE_ARCH = YES;
				SDKROOT = iphoneos;
				SWIFT_OPTIMIZATION_LEVEL = "-Onone";
			};
			name = Debug;
		};
		4BB74964196DD96C007B2CF3 /* Release */ = {
			isa = XCBuildConfiguration;
			buildSettings = {
				ALWAYS_SEARCH_USER_PATHS = NO;
				CLANG_CXX_LANGUAGE_STANDARD = "gnu++0x";
				CLANG_CXX_LIBRARY = "libc++";
				CLANG_ENABLE_MODULES = YES;
				CLANG_ENABLE_OBJC_ARC = YES;
				CLANG_WARN_BOOL_CONVERSION = YES;
				CLANG_WARN_CONSTANT_CONVERSION = YES;
				CLANG_WARN_DIRECT_OBJC_ISA_USAGE = YES_ERROR;
				CLANG_WARN_EMPTY_BODY = YES;
				CLANG_WARN_ENUM_CONVERSION = YES;
				CLANG_WARN_INT_CONVERSION = YES;
				CLANG_WARN_OBJC_ROOT_CLASS = YES_ERROR;
				CLANG_WARN_UNREACHABLE_CODE = YES;
				CLANG_WARN__DUPLICATE_METHOD_MATCH = YES;
				"CODE_SIGN_IDENTITY[sdk=iphoneos*]" = "iPhone Developer";
				COPY_PHASE_STRIP = YES;
				ENABLE_NS_ASSERTIONS = NO;
				ENABLE_STRICT_OBJC_MSGSEND = YES;
				GCC_C_LANGUAGE_STANDARD = gnu99;
				GCC_WARN_64_TO_32_BIT_CONVERSION = YES;
				GCC_WARN_ABOUT_RETURN_TYPE = YES_ERROR;
				GCC_WARN_UNDECLARED_SELECTOR = YES;
				GCC_WARN_UNINITIALIZED_AUTOS = YES_AGGRESSIVE;
				GCC_WARN_UNUSED_FUNCTION = YES;
				GCC_WARN_UNUSED_VARIABLE = YES;
				IPHONEOS_DEPLOYMENT_TARGET = 8.0;
				MTL_ENABLE_DEBUG_INFO = NO;
				SDKROOT = iphoneos;
				VALIDATE_PRODUCT = YES;
			};
			name = Release;
		};
		4BB74966196DD96C007B2CF3 /* Debug */ = {
			isa = XCBuildConfiguration;
			buildSettings = {
				ASSETCATALOG_COMPILER_APPICON_NAME = AppIcon;
				ASSETCATALOG_COMPILER_LAUNCHIMAGE_NAME = LaunchImage;
				INFOPLIST_FILE = MailApp/Info.plist;
				LD_RUNPATH_SEARCH_PATHS = "$(inherited) @executable_path/Frameworks";
				PRODUCT_NAME = "$(TARGET_NAME)";
			};
			name = Debug;
		};
		4BB74967196DD96C007B2CF3 /* Release */ = {
			isa = XCBuildConfiguration;
			buildSettings = {
				ASSETCATALOG_COMPILER_APPICON_NAME = AppIcon;
				ASSETCATALOG_COMPILER_LAUNCHIMAGE_NAME = LaunchImage;
				INFOPLIST_FILE = MailApp/Info.plist;
				LD_RUNPATH_SEARCH_PATHS = "$(inherited) @executable_path/Frameworks";
				PRODUCT_NAME = "$(TARGET_NAME)";
			};
			name = Release;
		};
		4BB74969196DD96C007B2CF3 /* Debug */ = {
			isa = XCBuildConfiguration;
			buildSettings = {
				BUNDLE_LOADER = "$(BUILT_PRODUCTS_DIR)/MailApp.app/MailApp";
				FRAMEWORK_SEARCH_PATHS = (
					"$(SDKROOT)/Developer/Library/Frameworks",
					"$(inherited)",
				);
				GCC_PREPROCESSOR_DEFINITIONS = (
					"DEBUG=1",
					"$(inherited)",
				);
				INFOPLIST_FILE = MailAppTests/Info.plist;
				LD_RUNPATH_SEARCH_PATHS = "$(inherited) @executable_path/Frameworks @loader_path/Frameworks";
				PRODUCT_NAME = "$(TARGET_NAME)";
				TEST_HOST = "$(BUNDLE_LOADER)";
			};
			name = Debug;
		};
		4BB7496A196DD96C007B2CF3 /* Release */ = {
			isa = XCBuildConfiguration;
			buildSettings = {
				BUNDLE_LOADER = "$(BUILT_PRODUCTS_DIR)/MailApp.app/MailApp";
				FRAMEWORK_SEARCH_PATHS = (
					"$(SDKROOT)/Developer/Library/Frameworks",
					"$(inherited)",
				);
				INFOPLIST_FILE = MailAppTests/Info.plist;
				LD_RUNPATH_SEARCH_PATHS = "$(inherited) @executable_path/Frameworks @loader_path/Frameworks";
				PRODUCT_NAME = "$(TARGET_NAME)";
				TEST_HOST = "$(BUNDLE_LOADER)";
			};
			name = Release;
		};
/* End XCBuildConfiguration section */

/* Begin XCConfigurationList section */
		4BB74944196DD96B007B2CF3 /* Build configuration list for PBXProject "MailApp" */ = {
			isa = XCConfigurationList;
			buildConfigurations = (
				4BB74963196DD96C007B2CF3 /* Debug */,
				4BB74964196DD96C007B2CF3 /* Release */,
			);
			defaultConfigurationIsVisible = 0;
			defaultConfigurationName = Release;
		};
		4BB74965196DD96C007B2CF3 /* Build configuration list for PBXNativeTarget "MailApp" */ = {
			isa = XCConfigurationList;
			buildConfigurations = (
				4BB74966196DD96C007B2CF3 /* Debug */,
				4BB74967196DD96C007B2CF3 /* Release */,
			);
			defaultConfigurationIsVisible = 0;
		};
		4BB74968196DD96C007B2CF3 /* Build configuration list for PBXNativeTarget "MailAppTests" */ = {
			isa = XCConfigurationList;
			buildConfigurations = (
				4BB74969196DD96C007B2CF3 /* Debug */,
				4BB7496A196DD96C007B2CF3 /* Release */,
			);
			defaultConfigurationIsVisible = 0;
		};
/* End XCConfigurationList section */
	};
	rootObject = 4BB74941196DD96B007B2CF3 /* Project object */;
}
